
Microsoft Visual Studio Solution File, Format Version 12.00
# Visual Studio Version 16
VisualStudioVersion = 16.0.32106.194
MinimumVisualStudioVersion = 10.0.40219.1
Project("{9A19103F-16F7-4668-BE54-9A1E7A4F7556}") = "ApiUI", "ApiUI\ApiUI.csproj", "{B399F829-4610-4B6B-86E6-2B9C6787ACE9}"
EndProject
Project("{9A19103F-16F7-4668-BE54-9A1E7A4F7556}") = "DomainLayer", "DomainLayer\DomainLayer.csproj", "{3ADC5688-4B6D-4BEF-9E2B-B7C2A9F1F5F5}"
EndProject
Project("{9A19103F-16F7-4668-BE54-9A1E7A4F7556}") = "RepositoryLayer", "RepositoryLayer\RepositoryLayer.csproj", "{422DDDC8-3DE4-48F5-9C47-9DDDEA17358D}"
EndProject
Project("{FAE04EC0-301F-11D3-BF4B-00C04F79EFBC}") = "ServiceLayer", "ServiceLayer\ServiceLayer.csproj", "{A453F63E-A353-471C-9480-CDF917ABE53B}"
EndProject
Global
	GlobalSection(SolutionConfigurationPlatforms) = preSolution
		Debug|Any CPU = Debug|Any CPU
		Release|Any CPU = Release|Any CPU
	EndGlobalSection
	GlobalSection(ProjectConfigurationPlatforms) = postSolution
		{B399F829-4610-4B6B-86E6-2B9C6787ACE9}.Debug|Any CPU.ActiveCfg = Debug|Any CPU
		{B399F829-4610-4B6B-86E6-2B9C6787ACE9}.Debug|Any CPU.Build.0 = Debug|Any CPU
		{B399F829-4610-4B6B-86E6-2B9C6787ACE9}.Release|Any CPU.ActiveCfg = Release|Any CPU
		{B399F829-4610-4B6B-86E6-2B9C6787ACE9}.Release|Any CPU.Build.0 = Release|Any CPU
		{3ADC5688-4B6D-4BEF-9E2B-B7C2A9F1F5F5}.Debug|Any CPU.ActiveCfg = Debug|Any CPU
		{3ADC5688-4B6D-4BEF-9E2B-B7C2A9F1F5F5}.Debug|Any CPU.Build.0 = Debug|Any CPU
		{3ADC5688-4B6D-4BEF-9E2B-B7C2A9F1F5F5}.Release|Any CPU.ActiveCfg = Release|Any CPU
		{3ADC5688-4B6D-4BEF-9E2B-B7C2A9F1F5F5}.Release|Any CPU.Build.0 = Release|Any CPU
		{422DDDC8-3DE4-48F5-9C47-9DDDEA17358D}.Debug|Any CPU.ActiveCfg = Debug|Any CPU
		{422DDDC8-3DE4-48F5-9C47-9DDDEA17358D}.Debug|Any CPU.Build.0 = Debug|Any CPU
		{422DDDC8-3DE4-48F5-9C47-9DDDEA17358D}.Release|Any CPU.ActiveCfg = Release|Any CPU
		{422DDDC8-3DE4-48F5-9C47-9DDDEA17358D}.Release|Any CPU.Build.0 = Release|Any CPU
		{A453F63E-A353-471C-9480-CDF917ABE53B}.Debug|Any CPU.ActiveCfg = Debug|Any CPU
		{A453F63E-A353-471C-9480-CDF917ABE53B}.Debug|Any CPU.Build.0 = Debug|Any CPU
		{A453F63E-A353-471C-9480-CDF917ABE53B}.Release|Any CPU.ActiveCfg = Release|Any CPU
		{A453F63E-A353-471C-9480-CDF917ABE53B}.Release|Any CPU.Build.0 = Release|Any CPU
	EndGlobalSection
	GlobalSection(SolutionProperties) = preSolution
		HideSolutionNode = FALSE
	EndGlobalSection
	GlobalSection(ExtensibilityGlobals) = postSolution
		SolutionGuid = {FBA58782-78E9-4999-9324-FC7846BADFF2}
	EndGlobalSection
EndGlobal
